
Microsoft Visual Studio Solution File, Format Version 12.00
# Visual Studio 15
VisualStudioVersion = 15.0.28307.489
MinimumVisualStudioVersion = 10.0.40219.1
Project("{FAE04EC0-301F-11D3-BF4B-00C04F79EFBC}") = "GlobalPaint", "GlobalPaint\GlobalPaint.csproj", "{0E07A0ED-802F-4787-9AE2-29642308E92C}"
EndProject
Project("{FAE04EC0-301F-11D3-BF4B-00C04F79EFBC}") = "GlobalPaintClient", "GlobalPaintClient\GlobalPaintClient.csproj", "{DFD4CC8F-B508-4921-8785-BF1D0F11950A}"
EndProject
Project("{FAE04EC0-301F-11D3-BF4B-00C04F79EFBC}") = "ClassLibrary", "ClassLibrary\ClassLibrary.csproj", "{1556EECB-36B3-4F2E-9FA5-0949359EED13}"
EndProject
Global
	GlobalSection(SolutionConfigurationPlatforms) = preSolution
		Debug|Any CPU = Debug|Any CPU
		Release|Any CPU = Release|Any CPU
	EndGlobalSection
	GlobalSection(ProjectConfigurationPlatforms) = postSolution
		{0E07A0ED-802F-4787-9AE2-29642308E92C}.Debug|Any CPU.ActiveCfg = Debug|Any CPU
		{0E07A0ED-802F-4787-9AE2-29642308E92C}.Debug|Any CPU.Build.0 = Debug|Any CPU
		{0E07A0ED-802F-4787-9AE2-29642308E92C}.Release|Any CPU.ActiveCfg = Release|Any CPU
		{0E07A0ED-802F-4787-9AE2-29642308E92C}.Release|Any CPU.Build.0 = Release|Any CPU
		{DFD4CC8F-B508-4921-8785-BF1D0F11950A}.Debug|Any CPU.ActiveCfg = Debug|Any CPU
		{DFD4CC8F-B508-4921-8785-BF1D0F11950A}.Debug|Any CPU.Build.0 = Debug|Any CPU
		{DFD4CC8F-B508-4921-8785-BF1D0F11950A}.Release|Any CPU.ActiveCfg = Release|Any CPU
		{DFD4CC8F-B508-4921-8785-BF1D0F11950A}.Release|Any CPU.Build.0 = Release|Any CPU
		{1556EECB-36B3-4F2E-9FA5-0949359EED13}.Debug|Any CPU.ActiveCfg = Debug|Any CPU
		{1556EECB-36B3-4F2E-9FA5-0949359EED13}.Debug|Any CPU.Build.0 = Debug|Any CPU
		{1556EECB-36B3-4F2E-9FA5-0949359EED13}.Release|Any CPU.ActiveCfg = Release|Any CPU
		{1556EECB-36B3-4F2E-9FA5-0949359EED13}.Release|Any CPU.Build.0 = Release|Any CPU
	EndGlobalSection
	GlobalSection(SolutionProperties) = preSolution
		HideSolutionNode = FALSE
	EndGlobalSection
	GlobalSection(ExtensibilityGlobals) = postSolution
		SolutionGuid = {8CE46BAF-ED68-4D97-8C3A-EE807DDF142E}
	EndGlobalSection
EndGlobal
